dependencies:
- name: web-application
  repository: ""
  version: '>0.0.0'
- name: service-instance
  repository: ""
  version: '>0.0.0'
- name: content-deployment
  repository: ""
  version: '>0.0.0'
- name: service-instance
  repository: ""
  version: '>0.0.0'
- name: service-instance
  repository: ""
  version: '>0.0.0'
- name: service-instance
  repository: ""
  version: '>0.0.0'
- name: content-deployment
  repository: ""
  version: '>0.0.0'
digest: sha256:1cbe09c09063358fc2719cdb690871b23279d3f9925de732cb5f0dd4d1be4f59
generated: "2024-04-12T14:51:54.365717+05:30"
